# This file is generated by Bundler. Lock file will be updated after running:
# bundle install

GEM
  remote: https://rubygems.org/
  specs:
    (Gemfile.lock will be generated by `bundle install`)

PLATFORMS
  ruby

DEPENDENCIES
  dotenv (~> 2.8)
  faraday (~> 2.0)
  json (~> 2.6)
  logger (~> 1.5)
  oj (~> 3.15)
  pry (~> 0.14)
  puma (~> 6.0)
  rack-protection (~> 3.0)
  rack-timeout (~> 0.6)
  redis (~> 5.0)
  rspec (~> 3.12)
  rubocop (~> 1.57)
  sinatra (~> 3.0)

RUBY VERSION
  ruby 3.2.0

BUNDLED WITH
  2.4.0
